
Microsoft Visual Studio Solution File, Format Version 12.00
# Visual Studio Version 17
VisualStudioVersion = 17.13.35913.81
MinimumVisualStudioVersion = 10.0.40219.1
Project("{FAE04EC0-301F-11D3-BF4B-00C04F79EFBC}") = "Duck-os", "Duck-os\Duck-os.csproj", "{EF2ED80F-4AF7-4804-99E7-A47DF387A107}"
EndProject
Project("{2150E333-8FDC-42A3-9474-1A3956D46DE8}") = "Solution Items", "Solution Items", "{02EA681E-C7D8-13C7-8484-4AC65E1B71E8}"
	ProjectSection(SolutionItems) = preProject
		.editorconfig = .editorconfig
	EndProjectSection
EndProject
Global
	GlobalSection(SolutionConfigurationPlatforms) = preSolution
		Debug|Any CPU = Debug|Any CPU
		Release|Any CPU = Release|Any CPU
	EndGlobalSection
	GlobalSection(ProjectConfigurationPlatforms) = postSolution
		{EF2ED80F-4AF7-4804-99E7-A47DF387A107}.Debug|Any CPU.ActiveCfg = Debug|Any CPU
		{EF2ED80F-4AF7-4804-99E7-A47DF387A107}.Debug|Any CPU.Build.0 = Debug|Any CPU
		{EF2ED80F-4AF7-4804-99E7-A47DF387A107}.Release|Any CPU.ActiveCfg = Release|Any CPU
		{EF2ED80F-4AF7-4804-99E7-A47DF387A107}.Release|Any CPU.Build.0 = Release|Any CPU
	EndGlobalSection
	GlobalSection(SolutionProperties) = preSolution
		HideSolutionNode = FALSE
	EndGlobalSection
	GlobalSection(ExtensibilityGlobals) = postSolution
		SolutionGuid = {792037DB-350B-454E-ABF3-7A9C67106678}
	EndGlobalSection
EndGlobal
